
Microsoft Visual Studio Solution File, Format Version 12.00
# Visual Studio Version 17
VisualStudioVersion = 17.4.33205.214
MinimumVisualStudioVersion = 10.0.40219.1
Project("{8BC9CEB8-8B4A-11D0-8D11-00A0C91BC942}") = "2DGameEngine", "2DGameEngine\2DGameEngine.vcxproj", "{4509F711-2799-45A3-B850-BC5375F20E2F}"
EndProject
Global
	GlobalSection(SolutionConfigurationPlatforms) = preSolution
		Debug|x64 = Debug|x64
		Debug|x86 = Debug|x86
		Release|x64 = Release|x64
		Release|x86 = Release|x86
	EndGlobalSection
	GlobalSection(ProjectConfigurationPlatforms) = postSolution
		{4509F711-2799-45A3-B850-BC5375F20E2F}.Debug|x64.ActiveCfg = Debug|x64
		{4509F711-2799-45A3-B850-BC5375F20E2F}.Debug|x64.Build.0 = Debug|x64
		{4509F711-2799-45A3-B850-BC5375F20E2F}.Debug|x86.ActiveCfg = Debug|Win32
		{4509F711-2799-45A3-B850-BC5375F20E2F}.Debug|x86.Build.0 = Debug|Win32
		{4509F711-2799-45A3-B850-BC5375F20E2F}.Release|x64.ActiveCfg = Release|x64
		{4509F711-2799-45A3-B850-BC5375F20E2F}.Release|x64.Build.0 = Release|x64
		{4509F711-2799-45A3-B850-BC5375F20E2F}.Release|x86.ActiveCfg = Release|Win32
		{4509F711-2799-45A3-B850-BC5375F20E2F}.Release|x86.Build.0 = Release|Win32
	EndGlobalSection
	GlobalSection(SolutionProperties) = preSolution
		HideSolutionNode = FALSE
	EndGlobalSection
	GlobalSection(ExtensibilityGlobals) = postSolution
		SolutionGuid = {AD9AAEB0-64C6-4FDE-BCD7-79464AEAD18D}
	EndGlobalSection
EndGlobal
